
Microsoft Visual Studio Solution File, Format Version 12.00
# Visual Studio Version 17
VisualStudioVersion = 17.14.36203.30 d17.14
MinimumVisualStudioVersion = 10.0.40219.1
Project("{FAE04EC0-301F-11D3-BF4B-00C04F79EFBC}") = "FileDuplicates", "FileDuplicates.csproj", "{FC249EA4-92A8-410D-9A88-AC461260DE37}"
EndProject
Global
	GlobalSection(SolutionConfigurationPlatforms) = preSolution
		Debug|Any CPU = Debug|Any CPU
		Release|Any CPU = Release|Any CPU
	EndGlobalSection
	GlobalSection(ProjectConfigurationPlatforms) = postSolution
		{FC249EA4-92A8-410D-9A88-AC461260DE37}.Debug|Any CPU.ActiveCfg = Debug|Any CPU
		{FC249EA4-92A8-410D-9A88-AC461260DE37}.Debug|Any CPU.Build.0 = Debug|Any CPU
		{FC249EA4-92A8-410D-9A88-AC461260DE37}.Release|Any CPU.ActiveCfg = Release|Any CPU
		{FC249EA4-92A8-410D-9A88-AC461260DE37}.Release|Any CPU.Build.0 = Release|Any CPU
	EndGlobalSection
	GlobalSection(SolutionProperties) = preSolution
		HideSolutionNode = FALSE
	EndGlobalSection
	GlobalSection(ExtensibilityGlobals) = postSolution
		SolutionGuid = {45B941D1-4786-4D10-856D-C47A3D5B3604}
	EndGlobalSection
EndGlobal
